PODS:
  - CTAssetsPickerController (3.3.2-alpha):
    - PureLayout (~> 3.0.0)
  - PureLayout (3.0.1)

DEPENDENCIES:
  - CTAssetsPickerController (from `.`)

EXTERNAL SOURCES:
  CTAssetsPickerController:
    :path: .

SPEC CHECKSUMS:
  CTAssetsPickerController: ef06977de8e0b6d6ff11a324d357a12335a61243
  PureLayout: f35f5384c9c4e4479df041dbe33ad7577b71ddfb

PODFILE CHECKSUM: 8d6f5a994d55ea72e8f435a7b54dd8219996cdb2

COCOAPODS: 1.2.1.beta.1
